{
  "name": "api",
  "version": "1.0.0",
  "lockfileVersion": 1,
  "requires": true,
  "dependencies": {
    "react-geolocation": {
      "version": "1.0.3",
      "resolved": "https://registry.npmjs.org/react-geolocation/-/react-geolocation-1.0.3.tgz",
      "integrity": "sha512-q/NZDxwIDC0dfHU2Ya4kzhb15dmyDRsaY5DoXi+JE6E6d1QiPvP2SaH8w6hxe9W845XxwE7q/14mF8V2y4COIA=="
    }
  }
}
